// !$*UTF8*$!
{
	archiveVersion = 1;
	classes = {
	};
	objectVersion = 46;
	objects = {

/* Begin PBXBuildFile section */
		9B0D4C9018F52C6C00981B6B /* Foundation.framework in Frameworks */ = {isa = PBXBuildFile; fileRef = 9B0D4C8F18F52C6C00981B6B /* Foundation.framework */; };
		9B0D4C9218F52C6C00981B6B /* CoreGraphics.framework in Frameworks */ = {isa = PBXBuildFile; fileRef = 9B0D4C9118F52C6C00981B6B /* CoreGraphics.framework */; };
		9B0D4C9418F52C6C00981B6B /* UIKit.framework in Frameworks */ = {isa = PBXBuildFile; fileRef = 9B0D4C9318F52C6C00981B6B /* UIKit.framework */; };
		9B0D4C9A18F52C6C00981B6B /* InfoPlist.strings in Resources */ = {isa = PBXBuildFile; fileRef = 9B0D4C9818F52C6C00981B6B /* InfoPlist.strings */; };
		9B0D4C9C18F52C6C00981B6B /* main.m in Sources */ = {isa = PBXBuildFile; fileRef = 9B0D4C9B18F52C6C00981B6B /* main.m */; };
		9B0D4CA018F52C6C00981B6B /* LITAppDelegate.m in Sources */ = {isa = PBXBuildFile; fileRef = 9B0D4C9F18F52C6C00981B6B /* LITAppDelegate.m */; };
		9B0D4CA318F52C6C00981B6B /* Main_iPhone.storyboard in Resources */ = {isa = PBXBuildFile; fileRef = 9B0D4CA118F52C6C00981B6B /* Main_iPhone.storyboard */; };
		9B0D4CA618F52C6C00981B6B /* Main_iPad.storyboard in Resources */ = {isa = PBXBuildFile; fileRef = 9B0D4CA418F52C6C00981B6B /* Main_iPad.storyboard */; };
		9B0D4CA918F52C6C00981B6B /* LITViewController.m in Sources */ = {isa = PBXBuildFile; fileRef = 9B0D4CA818F52C6C00981B6B /* LITViewController.m */; };
		9B0D4CAB18F52C6C00981B6B /* Images.xcassets in Resources */ = {isa = PBXBuildFile; fileRef = 9B0D4CAA18F52C6C00981B6B /* Images.xcassets */; };
		9B0D4CB218F52C6C00981B6B /* XCTest.framework in Frameworks */ = {isa = PBXBuildFile; fileRef = 9B0D4CB118F52C6C00981B6B /* XCTest.framework */; };
		9B0D4CB318F52C6C00981B6B /* Foundation.framework in Frameworks */ = {isa = PBXBuildFile; fileRef = 9B0D4C8F18F52C6C00981B6B /* Foundation.framework */; };
		9B0D4CB418F52C6C00981B6B /* UIKit.framework in Frameworks */ = {isa = PBXBuildFile; fileRef = 9B0D4C9318F52C6C00981B6B /* UIKit.framework */; };
		9B0D4CBC18F52C6C00981B6B /* InfoPlist.strings in Resources */ = {isa = PBXBuildFile; fileRef = 9B0D4CBA18F52C6C00981B6B /* InfoPlist.strings */; };
		9B0D4CBE18F52C6C00981B6B /* LITToolboxTests.m in Sources */ = {isa = PBXBuildFile; fileRef = 9B0D4CBD18F52C6C00981B6B /* LITToolboxTests.m */; };
		9B0D4CCC18F52D1400981B6B /* UIView+LITAddition.m in Sources */ = {isa = PBXBuildFile; fileRef = 9B0D4CCB18F52D1400981B6B /* UIView+LITAddition.m */; };
		9B0D4CCF18F52D2300981B6B /* NSObject+LITAddition.m in Sources */ = {isa = PBXBuildFile; fileRef = 9B0D4CCE18F52D2300981B6B /* NSObject+LITAddition.m */; };
		9B0D4CD218F52D2E00981B6B /* UIColor+LITAddition.m in Sources */ = {isa = PBXBuildFile; fileRef = 9B0D4CD118F52D2E00981B6B /* UIColor+LITAddition.m */; };
		9B0D4CD518F52D3900981B6B /* NSDate+LITAddition.m in Sources */ = {isa = PBXBuildFile; fileRef = 9B0D4CD418F52D3900981B6B /* NSDate+LITAddition.m */; };
		9B0D4CD818F52D4600981B6B /* UIViewController+LITAddition.m in Sources */ = {isa = PBXBuildFile; fileRef = 9B0D4CD718F52D4600981B6B /* UIViewController+LITAddition.m */; };
		9B0D4CDB18F52E2000981B6B /* LITFileUtility.m in Sources */ = {isa = PBXBuildFile; fileRef = 9B0D4CDA18F52E2000981B6B /* LITFileUtility.m */; };
		9B0D4CDE18F52E8400981B6B /* LITBlockAlertView.m in Sources */ = {isa = PBXBuildFile; fileRef = 9B0D4CDD18F52E8400981B6B /* LITBlockAlertView.m */; };
/* End PBXBuildFile section */

/* Begin PBXContainerItemProxy section */
		9B0D4CB518F52C6C00981B6B /* PBXContainerItemProxy */ = {
			isa = PBXContainerItemProxy;
			containerPortal = 9B0D4C8418F52C6C00981B6B /* Project object */;
			proxyType = 1;
			remoteGlobalIDString = 9B0D4C8B18F52C6C00981B6B;
			remoteInfo = LITToolbox;
		};
/* End PBXContainerItemProxy section */

/* Begin PBXFileReference section */
		9B0D4C8C18F52C6C00981B6B /* LITToolbox.app */ = {isa = PBXFileReference; explicitFileType = wrapper.application; includeInIndex = 0; path = LITToolbox.app; sourceTree = BUILT_PRODUCTS_DIR; };
		9B0D4C8F18F52C6C00981B6B /* Foundation.framework */ = {isa = PBXFileReference; lastKnownFileType = wrapper.framework; name = Foundation.framework; path = System/Library/Frameworks/Foundation.framework; sourceTree = SDKROOT; };
		9B0D4C9118F52C6C00981B6B /* CoreGraphics.framework */ = {isa = PBXFileReference; lastKnownFileType = wrapper.framework; name = CoreGraphics.framework; path = System/Library/Frameworks/CoreGraphics.framework; sourceTree = SDKROOT; };
		9B0D4C9318F52C6C00981B6B /* UIKit.framework */ = {isa = PBXFileReference; lastKnownFileType = wrapper.framework; name = UIKit.framework; path = System/Library/Frameworks/UIKit.framework; sourceTree = SDKROOT; };
		9B0D4C9718F52C6C00981B6B /* LITToolbox-Info.plist */ = {isa = PBXFileReference; lastKnownFileType = text.plist.xml; path = "LITToolbox-Info.plist"; sourceTree = "<group>"; };
		9B0D4C9918F52C6C00981B6B /* en */ = {isa = PBXFileReference; lastKnownFileType = text.plist.strings; name = en; path = en.lproj/InfoPlist.strings; sourceTree = "<group>"; };
		9B0D4C9B18F52C6C00981B6B /* main.m */ = {isa = PBXFileReference; lastKnownFileType = sourcecode.c.objc; path = main.m; sourceTree = "<group>"; };
		9B0D4C9D18F52C6C00981B6B /* LITToolbox-Prefix.pch */ = {isa = PBXFileReference; lastKnownFileType = sourcecode.c.h; path = "LITToolbox-Prefix.pch"; sourceTree = "<group>"; };
		9B0D4C9E18F52C6C00981B6B /* LITAppDelegate.h */ = {isa = PBXFileReference; lastKnownFileType = sourcecode.c.h; path = LITAppDelegate.h; sourceTree = "<group>"; };
		9B0D4C9F18F52C6C00981B6B /* LITAppDelegate.m */ = {isa = PBXFileReference; lastKnownFileType = sourcecode.c.objc; path = LITAppDelegate.m; sourceTree = "<group>"; };
		9B0D4CA218F52C6C00981B6B /* Base */ = {isa = PBXFileReference; lastKnownFileType = file.storyboard; name = Base; path = Base.lproj/Main_iPhone.storyboard; sourceTree = "<group>"; };
		9B0D4CA518F52C6C00981B6B /* Base */ = {isa = PBXFileReference; lastKnownFileType = file.storyboard; name = Base; path = Base.lproj/Main_iPad.storyboard; sourceTree = "<group>"; };
		9B0D4CA718F52C6C00981B6B /* LITViewController.h */ = {isa = PBXFileReference; lastKnownFileType = sourcecode.c.h; path = LITViewController.h; sourceTree = "<group>"; };
		9B0D4CA818F52C6C00981B6B /* LITViewController.m */ = {isa = PBXFileReference; lastKnownFileType = sourcecode.c.objc; path = LITViewController.m; sourceTree = "<group>"; };
		9B0D4CAA18F52C6C00981B6B /* Images.xcassets */ = {isa = PBXFileReference; lastKnownFileType = folder.assetcatalog; path = Images.xcassets; sourceTree = "<group>"; };
		9B0D4CB018F52C6C00981B6B /* LITToolboxTests.xctest */ = {isa = PBXFileReference; explicitFileType = wrapper.cfbundle; includeInIndex = 0; path = LITToolboxTests.xctest; sourceTree = BUILT_PRODUCTS_DIR; };
		9B0D4CB118F52C6C00981B6B /* XCTest.framework */ = {isa = PBXFileReference; lastKnownFileType = wrapper.framework; name = XCTest.framework; path = Library/Frameworks/XCTest.framework; sourceTree = DEVELOPER_DIR; };
		9B0D4CB918F52C6C00981B6B /* LITToolboxTests-Info.plist */ = {isa = PBXFileReference; lastKnownFileType = text.plist.xml; path = "LITToolboxTests-Info.plist"; sourceTree = "<group>"; };
		9B0D4CBB18F52C6C00981B6B /* en */ = {isa = PBXFileReference; lastKnownFileType = text.plist.strings; name = en; path = en.lproj/InfoPlist.strings; sourceTree = "<group>"; };
		9B0D4CBD18F52C6C00981B6B /* LITToolboxTests.m */ = {isa = PBXFileReference; lastKnownFileType = sourcecode.c.objc; path = LITToolboxTests.m; sourceTree = "<group>"; };
		9B0D4CCA18F52D1400981B6B /* UIView+LITAddition.h */ = {isa = PBXFileReference; fileEncoding = 4; lastKnownFileType = sourcecode.c.h; path = "UIView+LITAddition.h"; sourceTree = "<group>"; };
		9B0D4CCB18F52D1400981B6B /* UIView+LITAddition.m */ = {isa = PBXFileReference; fileEncoding = 4; lastKnownFileType = sourcecode.c.objc; path = "UIView+LITAddition.m"; sourceTree = "<group>"; };
		9B0D4CCD18F52D2300981B6B /* NSObject+LITAddition.h */ = {isa = PBXFileReference; fileEncoding = 4; lastKnownFileType = sourcecode.c.h; path = "NSObject+LITAddition.h"; sourceTree = "<group>"; };
		9B0D4CCE18F52D2300981B6B /* NSObject+LITAddition.m */ = {isa = PBXFileReference; fileEncoding = 4; lastKnownFileType = sourcecode.c.objc; path = "NSObject+LITAddition.m"; sourceTree = "<group>"; };
		9B0D4CD018F52D2E00981B6B /* UIColor+LITAddition.h */ = {isa = PBXFileReference; fileEncoding = 4; lastKnownFileType = sourcecode.c.h; path = "UIColor+LITAddition.h"; sourceTree = "<group>"; };
		9B0D4CD118F52D2E00981B6B /* UIColor+LITAddition.m */ = {isa = PBXFileReference; fileEncoding = 4; lastKnownFileType = sourcecode.c.objc; path = "UIColor+LITAddition.m"; sourceTree = "<group>"; };
		9B0D4CD318F52D3900981B6B /* NSDate+LITAddition.h */ = {isa = PBXFileReference; fileEncoding = 4; lastKnownFileType = sourcecode.c.h; path = "NSDate+LITAddition.h"; sourceTree = "<group>"; };
		9B0D4CD418F52D3900981B6B /* NSDate+LITAddition.m */ = {isa = PBXFileReference; fileEncoding = 4; lastKnownFileType = sourcecode.c.objc; path = "NSDate+LITAddition.m"; sourceTree = "<group>"; };
		9B0D4CD618F52D4600981B6B /* UIViewController+LITAddition.h */ = {isa = PBXFileReference; fileEncoding = 4; lastKnownFileType = sourcecode.c.h; path = "UIViewController+LITAddition.h"; sourceTree = "<group>"; };
		9B0D4CD718F52D4600981B6B /* UIViewController+LITAddition.m */ = {isa = PBXFileReference; fileEncoding = 4; lastKnownFileType = sourcecode.c.objc; path = "UIViewController+LITAddition.m"; sourceTree = "<group>"; };
		9B0D4CD918F52E2000981B6B /* LITFileUtility.h */ = {isa = PBXFileReference; fileEncoding = 4; lastKnownFileType = sourcecode.c.h; path = LITFileUtility.h; sourceTree = "<group>"; };
		9B0D4CDA18F52E2000981B6B /* LITFileUtility.m */ = {isa = PBXFileReference; fileEncoding = 4; lastKnownFileType = sourcecode.c.objc; path = LITFileUtility.m; sourceTree = "<group>"; };
		9B0D4CDC18F52E8400981B6B /* LITBlockAlertView.h */ = {isa = PBXFileReference; fileEncoding = 4; lastKnownFileType = sourcecode.c.h; path = LITBlockAlertView.h; sourceTree = "<group>"; };
		9B0D4CDD18F52E8400981B6B /* LITBlockAlertView.m */ = {isa = PBXFileReference; fileEncoding = 4; lastKnownFileType = sourcecode.c.objc; path = LITBlockAlertView.m; sourceTree = "<group>"; };
/* End PBXFileReference section */

/* Begin PBXFrameworksBuildPhase section */
		9B0D4C8918F52C6C00981B6B /* Frameworks */ = {
			isa = PBXFrameworksBuildPhase;
			buildActionMask = 2147483647;
			files = (
				9B0D4C9218F52C6C00981B6B /* CoreGraphics.framework in Frameworks */,
				9B0D4C9418F52C6C00981B6B /* UIKit.framework in Frameworks */,
				9B0D4C9018F52C6C00981B6B /* Foundation.framework in Frameworks */,
			);
			runOnlyForDeploymentPostprocessing = 0;
		};
		9B0D4CAD18F52C6C00981B6B /* Frameworks */ = {
			isa = PBXFrameworksBuildPhase;
			buildActionMask = 2147483647;
			files = (
				9B0D4CB218F52C6C00981B6B /* XCTest.framework in Frameworks */,
				9B0D4CB418F52C6C00981B6B /* UIKit.framework in Frameworks */,
				9B0D4CB318F52C6C00981B6B /* Foundation.framework in Frameworks */,
			);
			runOnlyForDeploymentPostprocessing = 0;
		};
/* End PBXFrameworksBuildPhase section */

/* Begin PBXGroup section */
		9B0D4C8318F52C6C00981B6B = {
			isa = PBXGroup;
			children = (
				9B0D4C9518F52C6C00981B6B /* LITToolbox */,
				9B0D4CB718F52C6C00981B6B /* LITToolboxTests */,
				9B0D4C8E18F52C6C00981B6B /* Frameworks */,
				9B0D4C8D18F52C6C00981B6B /* Products */,
			);
			sourceTree = "<group>";
		};
		9B0D4C8D18F52C6C00981B6B /* Products */ = {
			isa = PBXGroup;
			children = (
				9B0D4C8C18F52C6C00981B6B /* LITToolbox.app */,
				9B0D4CB018F52C6C00981B6B /* LITToolboxTests.xctest */,
			);
			name = Products;
			sourceTree = "<group>";
		};
		9B0D4C8E18F52C6C00981B6B /* Frameworks */ = {
			isa = PBXGroup;
			children = (
				9B0D4C8F18F52C6C00981B6B /* Foundation.framework */,
				9B0D4C9118F52C6C00981B6B /* CoreGraphics.framework */,
				9B0D4C9318F52C6C00981B6B /* UIKit.framework */,
				9B0D4CB118F52C6C00981B6B /* XCTest.framework */,
			);
			name = Frameworks;
			sourceTree = "<group>";
		};
		9B0D4C9518F52C6C00981B6B /* LITToolbox */ = {
			isa = PBXGroup;
			children = (
				9B0D4C9E18F52C6C00981B6B /* LITAppDelegate.h */,
				9B0D4C9F18F52C6C00981B6B /* LITAppDelegate.m */,
				9B0D4CA118F52C6C00981B6B /* Main_iPhone.storyboard */,
				9B0D4CA418F52C6C00981B6B /* Main_iPad.storyboard */,
				9B0D4CA718F52C6C00981B6B /* LITViewController.h */,
				9B0D4CA818F52C6C00981B6B /* LITViewController.m */,
				9B0D4CC718F52CE200981B6B /* sourceFiles */,
				9B0D4CAA18F52C6C00981B6B /* Images.xcassets */,
				9B0D4C9618F52C6C00981B6B /* Supporting Files */,
			);
			path = LITToolbox;
			sourceTree = "<group>";
		};
		9B0D4C9618F52C6C00981B6B /* Supporting Files */ = {
			isa = PBXGroup;
			children = (
				9B0D4C9718F52C6C00981B6B /* LITToolbox-Info.plist */,
				9B0D4C9818F52C6C00981B6B /* InfoPlist.strings */,
				9B0D4C9B18F52C6C00981B6B /* main.m */,
				9B0D4C9D18F52C6C00981B6B /* LITToolbox-Prefix.pch */,
			);
			name = "Supporting Files";
			sourceTree = "<group>";
		};
		9B0D4CB718F52C6C00981B6B /* LITToolboxTests */ = {
			isa = PBXGroup;
			children = (
				9B0D4CBD18F52C6C00981B6B /* LITToolboxTests.m */,
				9B0D4CB818F52C6C00981B6B /* Supporting Files */,
			);
			path = LITToolboxTests;
			sourceTree = "<group>";
		};
		9B0D4CB818F52C6C00981B6B /* Supporting Files */ = {
			isa = PBXGroup;
			children = (
				9B0D4CB918F52C6C00981B6B /* LITToolboxTests-Info.plist */,
				9B0D4CBA18F52C6C00981B6B /* InfoPlist.strings */,
			);
			name = "Supporting Files";
			sourceTree = "<group>";
		};
		9B0D4CC718F52CE200981B6B /* sourceFiles */ = {
			isa = PBXGroup;
			children = (
				9B0D4CC818F52CE200981B6B /* Additions */,
				9B0D4CC918F52CE200981B6B /* Utilities */,
			);
			path = sourceFiles;
			sourceTree = SOURCE_ROOT;
		};
		9B0D4CC818F52CE200981B6B /* Additions */ = {
			isa = PBXGroup;
			children = (
				9B0D4CCA18F52D1400981B6B /* UIView+LITAddition.h */,
				9B0D4CCB18F52D1400981B6B /* UIView+LITAddition.m */,
				9B0D4CCD18F52D2300981B6B /* NSObject+LITAddition.h */,
				9B0D4CCE18F52D2300981B6B /* NSObject+LITAddition.m */,
				9B0D4CD018F52D2E00981B6B /* UIColor+LITAddition.h */,
				9B0D4CD118F52D2E00981B6B /* UIColor+LITAddition.m */,
				9B0D4CD318F52D3900981B6B /* NSDate+LITAddition.h */,
				9B0D4CD418F52D3900981B6B /* NSDate+LITAddition.m */,
				9B0D4CD618F52D4600981B6B /* UIViewController+LITAddition.h */,
				9B0D4CD718F52D4600981B6B /* UIViewController+LITAddition.m */,
			);
			path = Additions;
			sourceTree = "<group>";
		};
		9B0D4CC918F52CE200981B6B /* Utilities */ = {
			isa = PBXGroup;
			children = (
				9B0D4CD918F52E2000981B6B /* LITFileUtility.h */,
				9B0D4CDA18F52E2000981B6B /* LITFileUtility.m */,
				9B0D4CDC18F52E8400981B6B /* LITBlockAlertView.h */,
				9B0D4CDD18F52E8400981B6B /* LITBlockAlertView.m */,
			);
			path = Utilities;
			sourceTree = "<group>";
		};
/* End PBXGroup section */

/* Begin PBXNativeTarget section */
		9B0D4C8B18F52C6C00981B6B /* LITToolbox */ = {
			isa = PBXNativeTarget;
			buildConfigurationList = 9B0D4CC118F52C6C00981B6B /* Build configuration list for PBXNativeTarget "LITToolbox" */;
			buildPhases = (
				9B0D4C8818F52C6C00981B6B /* Sources */,
				9B0D4C8918F52C6C00981B6B /* Frameworks */,
				9B0D4C8A18F52C6C00981B6B /* Resources */,
			);
			buildRules = (
			);
			dependencies = (
			);
			name = LITToolbox;
			productName = LITToolbox;
			productReference = 9B0D4C8C18F52C6C00981B6B /* LITToolbox.app */;
			productType = "com.apple.product-type.application";
		};
		9B0D4CAF18F52C6C00981B6B /* LITToolboxTests */ = {
			isa = PBXNativeTarget;
			buildConfigurationList = 9B0D4CC418F52C6C00981B6B /* Build configuration list for PBXNativeTarget "LITToolboxTests" */;
			buildPhases = (
				9B0D4CAC18F52C6C00981B6B /* Sources */,
				9B0D4CAD18F52C6C00981B6B /* Frameworks */,
				9B0D4CAE18F52C6C00981B6B /* Resources */,
			);
			buildRules = (
			);
			dependencies = (
				9B0D4CB618F52C6C00981B6B /* PBXTargetDependency */,
			);
			name = LITToolboxTests;
			productName = LITToolboxTests;
			productReference = 9B0D4CB018F52C6C00981B6B /* LITToolboxTests.xctest */;
			productType = "com.apple.product-type.bundle.unit-test";
		};
/* End PBXNativeTarget section */

/* Begin PBXProject section */
		9B0D4C8418F52C6C00981B6B /* Project object */ = {
			isa = PBXProject;
			attributes = {
				CLASSPREFIX = LIT;
				LastUpgradeCheck = 0510;
				ORGANIZATIONNAME = "Zhuocheng Lee";
				TargetAttributes = {
					9B0D4CAF18F52C6C00981B6B = {
						TestTargetID = 9B0D4C8B18F52C6C00981B6B;
					};
				};
			};
			buildConfigurationList = 9B0D4C8718F52C6C00981B6B /* Build configuration list for PBXProject "LITToolbox" */;
			compatibilityVersion = "Xcode 3.2";
			developmentRegion = English;
			hasScannedForEncodings = 0;
			knownRegions = (
				en,
				Base,
			);
			mainGroup = 9B0D4C8318F52C6C00981B6B;
			productRefGroup = 9B0D4C8D18F52C6C00981B6B /* Products */;
			projectDirPath = "";
			projectRoot = "";
			targets = (
				9B0D4C8B18F52C6C00981B6B /* LITToolbox */,
				9B0D4CAF18F52C6C00981B6B /* LITToolboxTests */,
			);
		};
/* End PBXProject section */

/* Begin PBXResourcesBuildPhase section */
		9B0D4C8A18F52C6C00981B6B /* Resources */ = {
			isa = PBXResourcesBuildPhase;
			buildActionMask = 2147483647;
			files = (
				9B0D4CA618F52C6C00981B6B /* Main_iPad.storyboard in Resources */,
				9B0D4CAB18F52C6C00981B6B /* Images.xcassets in Resources */,
				9B0D4CA318F52C6C00981B6B /* Main_iPhone.storyboard in Resources */,
				9B0D4C9A18F52C6C00981B6B /* InfoPlist.strings in Resources */,
			);
			runOnlyForDeploymentPostprocessing = 0;
		};
		9B0D4CAE18F52C6C00981B6B /* Resources */ = {
			isa = PBXResourcesBuildPhase;
			buildActionMask = 2147483647;
			files = (
				9B0D4CBC18F52C6C00981B6B /* InfoPlist.strings in Resources */,
			);
			runOnlyForDeploymentPostprocessing = 0;
		};
/* End PBXResourcesBuildPhase section */

/* Begin PBXSourcesBuildPhase section */
		9B0D4C8818F52C6C00981B6B /* Sources */ = {
			isa = PBXSourcesBuildPhase;
			buildActionMask = 2147483647;
			files = (
				9B0D4CCC18F52D1400981B6B /* UIView+LITAddition.m in Sources */,
				9B0D4CDB18F52E2000981B6B /* LITFileUtility.m in Sources */,
				9B0D4CDE18F52E8400981B6B /* LITBlockAlertView.m in Sources */,
				9B0D4CD218F52D2E00981B6B /* UIColor+LITAddition.m in Sources */,
				9B0D4CD518F52D3900981B6B /* NSDate+LITAddition.m in Sources */,
				9B0D4CCF18F52D2300981B6B /* NSObject+LITAddition.m in Sources */,
				9B0D4CA918F52C6C00981B6B /* LITViewController.m in Sources */,
				9B0D4CA018F52C6C00981B6B /* LITAppDelegate.m in Sources */,
				9B0D4CD818F52D4600981B6B /* UIViewController+LITAddition.m in Sources */,
				9B0D4C9C18F52C6C00981B6B /* main.m in Sources */,
			);
			runOnlyForDeploymentPostprocessing = 0;
		};
		9B0D4CAC18F52C6C00981B6B /* Sources */ = {
			isa = PBXSourcesBuildPhase;
			buildActionMask = 2147483647;
			files = (
				9B0D4CBE18F52C6C00981B6B /* LITToolboxTests.m in Sources */,
			);
			runOnlyForDeploymentPostprocessing = 0;
		};
/* End PBXSourcesBuildPhase section */

/* Begin PBXTargetDependency section */
		9B0D4CB618F52C6C00981B6B /* PBXTargetDependency */ = {
			isa = PBXTargetDependency;
			target = 9B0D4C8B18F52C6C00981B6B /* LITToolbox */;
			targetProxy = 9B0D4CB518F52C6C00981B6B /* PBXContainerItemProxy */;
		};
/* End PBXTargetDependency section */

/* Begin PBXVariantGroup section */
		9B0D4C9818F52C6C00981B6B /* InfoPlist.strings */ = {
			isa = PBXVariantGroup;
			children = (
				9B0D4C9918F52C6C00981B6B /* en */,
			);
			name = InfoPlist.strings;
			sourceTree = "<group>";
		};
		9B0D4CA118F52C6C00981B6B /* Main_iPhone.storyboard */ = {
			isa = PBXVariantGroup;
			children = (
				9B0D4CA218F52C6C00981B6B /* Base */,
			);
			name = Main_iPhone.storyboard;
			sourceTree = "<group>";
		};
		9B0D4CA418F52C6C00981B6B /* Main_iPad.storyboard */ = {
			isa = PBXVariantGroup;
			children = (
				9B0D4CA518F52C6C00981B6B /* Base */,
			);
			name = Main_iPad.storyboard;
			sourceTree = "<group>";
		};
		9B0D4CBA18F52C6C00981B6B /* InfoPlist.strings */ = {
			isa = PBXVariantGroup;
			children = (
				9B0D4CBB18F52C6C00981B6B /* en */,
			);
			name = InfoPlist.strings;
			sourceTree = "<group>";
		};
/* End PBXVariantGroup section */

/* Begin XCBuildConfiguration section */
		9B0D4CBF18F52C6C00981B6B /* Debug */ = {
			isa = XCBuildConfiguration;
			buildSettings = {
				ALWAYS_SEARCH_USER_PATHS = NO;
				CLANG_CXX_LANGUAGE_STANDARD = "gnu++0x";
				CLANG_CXX_LIBRARY = "libc++";
				CLANG_ENABLE_MODULES = YES;
				CLANG_ENABLE_OBJC_ARC = YES;
				CLANG_WARN_BOOL_CONVERSION = YES;
				CLANG_WARN_CONSTANT_CONVERSION = YES;
				CLANG_WARN_DIRECT_OBJC_ISA_USAGE = YES_ERROR;
				CLANG_WARN_EMPTY_BODY = YES;
				CLANG_WARN_ENUM_CONVERSION = YES;
				CLANG_WARN_INT_CONVERSION = YES;
				CLANG_WARN_OBJC_ROOT_CLASS = YES_ERROR;
				CLANG_WARN__DUPLICATE_METHOD_MATCH = YES;
				"CODE_SIGN_IDENTITY[sdk=iphoneos*]" = "iPhone Developer";
				COPY_PHASE_STRIP = NO;
				GCC_C_LANGUAGE_STANDARD = gnu99;
				GCC_DYNAMIC_NO_PIC = NO;
				GCC_OPTIMIZATION_LEVEL = 0;
				GCC_PREPROCESSOR_DEFINITIONS = (
					"DEBUG=1",
					"$(inherited)",
				);
				GCC_SYMBOLS_PRIVATE_EXTERN = NO;
				GCC_TREAT_WARNINGS_AS_ERRORS = YES;
				GCC_WARN_64_TO_32_BIT_CONVERSION = YES;
				GCC_WARN_ABOUT_RETURN_TYPE = YES_ERROR;
				GCC_WARN_UNDECLARED_SELECTOR = YES;
				GCC_WARN_UNINITIALIZED_AUTOS = YES_AGGRESSIVE;
				GCC_WARN_UNUSED_FUNCTION = YES;
				GCC_WARN_UNUSED_VARIABLE = YES;
				IPHONEOS_DEPLOYMENT_TARGET = 6.0;
				ONLY_ACTIVE_ARCH = YES;
				SDKROOT = iphoneos;
				TARGETED_DEVICE_FAMILY = "1,2";
			};
			name = Debug;
		};
		9B0D4CC018F52C6C00981B6B /* Release */ = {
			isa = XCBuildConfiguration;
			buildSettings = {
				ALWAYS_SEARCH_USER_PATHS = NO;
				CLANG_CXX_LANGUAGE_STANDARD = "gnu++0x";
				CLANG_CXX_LIBRARY = "libc++";
				CLANG_ENABLE_MODULES = YES;
				CLANG_ENABLE_OBJC_ARC = YES;
				CLANG_WARN_BOOL_CONVERSION = YES;
				CLANG_WARN_CONSTANT_CONVERSION = YES;
				CLANG_WARN_DIRECT_OBJC_ISA_USAGE = YES_ERROR;
				CLANG_WARN_EMPTY_BODY = YES;
				CLANG_WARN_ENUM_CONVERSION = YES;
				CLANG_WARN_INT_CONVERSION = YES;
				CLANG_WARN_OBJC_ROOT_CLASS = YES_ERROR;
				CLANG_WARN__DUPLICATE_METHOD_MATCH = YES;
				"CODE_SIGN_IDENTITY[sdk=iphoneos*]" = "iPhone Developer";
				COPY_PHASE_STRIP = YES;
				ENABLE_NS_ASSERTIONS = NO;
				GCC_C_LANGUAGE_STANDARD = gnu99;
				GCC_TREAT_WARNINGS_AS_ERRORS = YES;
				GCC_WARN_64_TO_32_BIT_CONVERSION = YES;
				GCC_WARN_ABOUT_RETURN_TYPE = YES_ERROR;
				GCC_WARN_UNDECLARED_SELECTOR = YES;
				GCC_WARN_UNINITIALIZED_AUTOS = YES_AGGRESSIVE;
				GCC_WARN_UNUSED_FUNCTION = YES;
				GCC_WARN_UNUSED_VARIABLE = YES;
				IPHONEOS_DEPLOYMENT_TARGET = 6.0;
				SDKROOT = iphoneos;
				TARGETED_DEVICE_FAMILY = "1,2";
				VALIDATE_PRODUCT = YES;
			};
			name = Release;
		};
		9B0D4CC218F52C6C00981B6B /* Debug */ = {
			isa = XCBuildConfiguration;
			buildSettings = {
				ASSETCATALOG_COMPILER_APPICON_NAME = AppIcon;
				ASSETCATALOG_COMPILER_LAUNCHIMAGE_NAME = LaunchImage;
				GCC_PRECOMPILE_PREFIX_HEADER = YES;
				GCC_PREFIX_HEADER = "LITToolbox/LITToolbox-Prefix.pch";
				INFOPLIST_FILE = "LITToolbox/LITToolbox-Info.plist";
				PRODUCT_NAME = "$(TARGET_NAME)";
				WRAPPER_EXTENSION = app;
			};
			name = Debug;
		};
		9B0D4CC318F52C6C00981B6B /* Release */ = {
			isa = XCBuildConfiguration;
			buildSettings = {
				ASSETCATALOG_COMPILER_APPICON_NAME = AppIcon;
				ASSETCATALOG_COMPILER_LAUNCHIMAGE_NAME = LaunchImage;
				GCC_PRECOMPILE_PREFIX_HEADER = YES;
				GCC_PREFIX_HEADER = "LITToolbox/LITToolbox-Prefix.pch";
				INFOPLIST_FILE = "LITToolbox/LITToolbox-Info.plist";
				PRODUCT_NAME = "$(TARGET_NAME)";
				WRAPPER_EXTENSION = app;
			};
			name = Release;
		};
		9B0D4CC518F52C6C00981B6B /* Debug */ = {
			isa = XCBuildConfiguration;
			buildSettings = {
				BUNDLE_LOADER = "$(BUILT_PRODUCTS_DIR)/LITToolbox.app/LITToolbox";
				FRAMEWORK_SEARCH_PATHS = (
					"$(SDKROOT)/Developer/Library/Frameworks",
					"$(inherited)",
					"$(DEVELOPER_FRAMEWORKS_DIR)",
				);
				GCC_PRECOMPILE_PREFIX_HEADER = YES;
				GCC_PREFIX_HEADER = "LITToolbox/LITToolbox-Prefix.pch";
				GCC_PREPROCESSOR_DEFINITIONS = (
					"DEBUG=1",
					"$(inherited)",
				);
				INFOPLIST_FILE = "LITToolboxTests/LITToolboxTests-Info.plist";
				PRODUCT_NAME = "$(TARGET_NAME)";
				TEST_HOST = "$(BUNDLE_LOADER)";
				WRAPPER_EXTENSION = xctest;
			};
			name = Debug;
		};
		9B0D4CC618F52C6C00981B6B /* Release */ = {
			isa = XCBuildConfiguration;
			buildSettings = {
				BUNDLE_LOADER = "$(BUILT_PRODUCTS_DIR)/LITToolbox.app/LITToolbox";
				FRAMEWORK_SEARCH_PATHS = (
					"$(SDKROOT)/Developer/Library/Frameworks",
					"$(inherited)",
					"$(DEVELOPER_FRAMEWORKS_DIR)",
				);
				GCC_PRECOMPILE_PREFIX_HEADER = YES;
				GCC_PREFIX_HEADER = "LITToolbox/LITToolbox-Prefix.pch";
				INFOPLIST_FILE = "LITToolboxTests/LITToolboxTests-Info.plist";
				PRODUCT_NAME = "$(TARGET_NAME)";
				TEST_HOST = "$(BUNDLE_LOADER)";
				WRAPPER_EXTENSION = xctest;
			};
			name = Release;
		};
/* End XCBuildConfiguration section */

/* Begin XCConfigurationList section */
		9B0D4C8718F52C6C00981B6B /* Build configuration list for PBXProject "LITToolbox" */ = {
			isa = XCConfigurationList;
			buildConfigurations = (
				9B0D4CBF18F52C6C00981B6B /* Debug */,
				9B0D4CC018F52C6C00981B6B /* Release */,
			);
			defaultConfigurationIsVisible = 0;
			defaultConfigurationName = Release;
		};
		9B0D4CC118F52C6C00981B6B /* Build configuration list for PBXNativeTarget "LITToolbox" */ = {
			isa = XCConfigurationList;
			buildConfigurations = (
				9B0D4CC218F52C6C00981B6B /* Debug */,
				9B0D4CC318F52C6C00981B6B /* Release */,
			);
			defaultConfigurationIsVisible = 0;
		};
		9B0D4CC418F52C6C00981B6B /* Build configuration list for PBXNativeTarget "LITToolboxTests" */ = {
			isa = XCConfigurationList;
			buildConfigurations = (
				9B0D4CC518F52C6C00981B6B /* Debug */,
				9B0D4CC618F52C6C00981B6B /* Release */,
			);
			defaultConfigurationIsVisible = 0;
		};
/* End XCConfigurationList section */
	};
	rootObject = 9B0D4C8418F52C6C00981B6B /* Project object */;
}
